PODS:
  - CryptoSwift (1.4.0)
  - MeteorDDP (2.5):
    - CryptoSwift (~> 1.4.0)
    - Starscream (~> 4.0.4)
  - Starscream (4.0.4)

DEPENDENCIES:
  - MeteorDDP (from `../`)

SPEC REPOS:
  trunk:
    - CryptoSwift
    - Starscream

EXTERNAL SOURCES:
  MeteorDDP:
    :path: "../"

SPEC CHECKSUMS:
  CryptoSwift: 7cc902df1784de3b389a387756c7d710f197730c
  MeteorDDP: 82851ae0b588c3e74f09a8bfbc0c3f423f95dc08
  Starscream: 5178aed56b316f13fa3bc55694e583d35dd414d9

PODFILE CHECKSUM: 8ccb239062cbdfe169ef1767773c72eb323ff1fb

COCOAPODS: 1.11.2
