PODS:
  - CryptoSwift (1.3.1)
  - MeteorDDP (2.0):
    - CryptoSwift
    - Starscream
  - Nimble (8.0.9)
  - Quick (2.2.0)
  - Starscream (4.0.3)

DEPENDENCIES:
  - MeteorDDP (from `../`)
  - Nimble
  - Quick

SPEC REPOS:
  trunk:
    - CryptoSwift
    - Nimble
    - Quick
    - Starscream

EXTERNAL SOURCES:
  MeteorDDP:
    :path: "../"

SPEC CHECKSUMS:
  CryptoSwift: f12f037f6d0fcd6d48c96db0071b653de64e6c4d
  MeteorDDP: fd886523de8ada1bb35dd42a8f007cdedef6b936
  Nimble: 98b888285a615fd34f20e61753cf58ea1402bde4
  Quick: 7fb19e13be07b5dfb3b90d4f9824c855a11af40e
  Starscream: ef06f0961fff0880bca0604416d61141e4faca67

PODFILE CHECKSUM: 8447d42736162e2ba26864644c5faf0b04bd7f06

COCOAPODS: 1.9.2
